
Microsoft Visual Studio Solution File, Format Version 12.00
# Visual Studio 2012
Project("{2150E333-8FDC-42A3-9474-1A3956D46DE8}") = "Build", "Build", "{38F69F8F-9303-4BAF-B081-D28339163E07}"
	ProjectSection(SolutionItems) = preProject
		..\build\appsettings.license.txt = ..\build\appsettings.license.txt
		..\build\build-sn.proj = ..\build\build-sn.proj
		..\build\build.bat = ..\build\build.bat
		..\build\build.proj = ..\build\build.proj
		..\build\build.tasks = ..\build\build.tasks
		..\build\copy.bat = ..\build\copy.bat
		..\README.md = ..\README.md
		..\NuGet\ServiceStack.Redis\servicestack.redis.nuspec = ..\NuGet\ServiceStack.Redis\servicestack.redis.nuspec
		..\NuGet.Signed\ServiceStack.Redis.Signed\servicestack.redis.signed.nuspec = ..\NuGet.Signed\ServiceStack.Redis.Signed\servicestack.redis.signed.nuspec
	EndProjectSection
EndProject
Project("{FAE04EC0-301F-11D3-BF4B-00C04F79EFBC}") = "ServiceStack.Redis", "ServiceStack.Redis\ServiceStack.Redis.csproj", "{AF99F19B-4C04-4F58-81EF-B092F1FCC540}"
EndProject
Project("{FAE04EC0-301F-11D3-BF4B-00C04F79EFBC}") = "ServiceStack.Redis.Tests", "..\tests\ServiceStack.Redis.Tests\ServiceStack.Redis.Tests.csproj", "{951D28EE-5D22-4C62-AC0F-1661A8CEEC5A}"
EndProject
Project("{FAE04EC0-301F-11D3-BF4B-00C04F79EFBC}") = "Console.Tests", "..\tests\Console.Tests\Console.Tests.csproj", "{8368C965-B4F6-4263-9ABB-731A175B2E77}"
EndProject
Project("{FAE04EC0-301F-11D3-BF4B-00C04F79EFBC}") = "ServiceStack.Redis.Tests.Sentinel", "..\tests\ServiceStack.Redis.Tests.Sentinel\ServiceStack.Redis.Tests.Sentinel.csproj", "{91C55091-A946-49B5-9517-8794EBCC5784}"
EndProject
Global
	GlobalSection(SolutionConfigurationPlatforms) = preSolution
		Debug|Any CPU = Debug|Any CPU
		Debug|x86 = Debug|x86
		Release|Any CPU = Release|Any CPU
		Release|x86 = Release|x86
		Signed|Any CPU = Signed|Any CPU
		Signed|x86 = Signed|x86
	EndGlobalSection
	GlobalSection(ProjectConfigurationPlatforms) = postSolution
		{AF99F19B-4C04-4F58-81EF-B092F1FCC540}.Debug|Any CPU.ActiveCfg = Debug|Any CPU
		{AF99F19B-4C04-4F58-81EF-B092F1FCC540}.Debug|Any CPU.Build.0 = Debug|Any CPU
		{AF99F19B-4C04-4F58-81EF-B092F1FCC540}.Debug|x86.ActiveCfg = Debug|x86
		{AF99F19B-4C04-4F58-81EF-B092F1FCC540}.Debug|x86.Build.0 = Debug|x86
		{AF99F19B-4C04-4F58-81EF-B092F1FCC540}.Release|Any CPU.ActiveCfg = Release|Any CPU
		{AF99F19B-4C04-4F58-81EF-B092F1FCC540}.Release|Any CPU.Build.0 = Release|Any CPU
		{AF99F19B-4C04-4F58-81EF-B092F1FCC540}.Release|x86.ActiveCfg = Release|x86
		{AF99F19B-4C04-4F58-81EF-B092F1FCC540}.Release|x86.Build.0 = Release|x86
		{AF99F19B-4C04-4F58-81EF-B092F1FCC540}.Signed|Any CPU.ActiveCfg = Signed|Any CPU
		{AF99F19B-4C04-4F58-81EF-B092F1FCC540}.Signed|Any CPU.Build.0 = Signed|Any CPU
		{AF99F19B-4C04-4F58-81EF-B092F1FCC540}.Signed|x86.ActiveCfg = Signed|x86
		{AF99F19B-4C04-4F58-81EF-B092F1FCC540}.Signed|x86.Build.0 = Signed|x86
		{951D28EE-5D22-4C62-AC0F-1661A8CEEC5A}.Debug|Any CPU.ActiveCfg = Debug|Any CPU
		{951D28EE-5D22-4C62-AC0F-1661A8CEEC5A}.Debug|Any CPU.Build.0 = Debug|Any CPU
		{951D28EE-5D22-4C62-AC0F-1661A8CEEC5A}.Debug|x86.ActiveCfg = Debug|x86
		{951D28EE-5D22-4C62-AC0F-1661A8CEEC5A}.Debug|x86.Build.0 = Debug|x86
		{951D28EE-5D22-4C62-AC0F-1661A8CEEC5A}.Release|Any CPU.ActiveCfg = Release|Any CPU
		{951D28EE-5D22-4C62-AC0F-1661A8CEEC5A}.Release|Any CPU.Build.0 = Release|Any CPU
		{951D28EE-5D22-4C62-AC0F-1661A8CEEC5A}.Release|x86.ActiveCfg = Release|x86
		{951D28EE-5D22-4C62-AC0F-1661A8CEEC5A}.Release|x86.Build.0 = Release|x86
		{951D28EE-5D22-4C62-AC0F-1661A8CEEC5A}.Signed|Any CPU.ActiveCfg = Signed|Any CPU
		{951D28EE-5D22-4C62-AC0F-1661A8CEEC5A}.Signed|Any CPU.Build.0 = Signed|Any CPU
		{951D28EE-5D22-4C62-AC0F-1661A8CEEC5A}.Signed|x86.ActiveCfg = Signed|x86
		{951D28EE-5D22-4C62-AC0F-1661A8CEEC5A}.Signed|x86.Build.0 = Signed|x86
		{8368C965-B4F6-4263-9ABB-731A175B2E77}.Debug|Any CPU.ActiveCfg = Debug|Any CPU
		{8368C965-B4F6-4263-9ABB-731A175B2E77}.Debug|Any CPU.Build.0 = Debug|Any CPU
		{8368C965-B4F6-4263-9ABB-731A175B2E77}.Debug|x86.ActiveCfg = Debug|Any CPU
		{8368C965-B4F6-4263-9ABB-731A175B2E77}.Release|Any CPU.ActiveCfg = Release|Any CPU
		{8368C965-B4F6-4263-9ABB-731A175B2E77}.Release|Any CPU.Build.0 = Release|Any CPU
		{8368C965-B4F6-4263-9ABB-731A175B2E77}.Release|x86.ActiveCfg = Release|Any CPU
		{8368C965-B4F6-4263-9ABB-731A175B2E77}.Signed|Any CPU.ActiveCfg = Release|Any CPU
		{8368C965-B4F6-4263-9ABB-731A175B2E77}.Signed|Any CPU.Build.0 = Release|Any CPU
		{8368C965-B4F6-4263-9ABB-731A175B2E77}.Signed|x86.ActiveCfg = Release|Any CPU
		{91C55091-A946-49B5-9517-8794EBCC5784}.Debug|Any CPU.ActiveCfg = Debug|Any CPU
		{91C55091-A946-49B5-9517-8794EBCC5784}.Debug|Any CPU.Build.0 = Debug|Any CPU
		{91C55091-A946-49B5-9517-8794EBCC5784}.Debug|x86.ActiveCfg = Debug|Any CPU
		{91C55091-A946-49B5-9517-8794EBCC5784}.Release|Any CPU.ActiveCfg = Release|Any CPU
		{91C55091-A946-49B5-9517-8794EBCC5784}.Release|Any CPU.Build.0 = Release|Any CPU
		{91C55091-A946-49B5-9517-8794EBCC5784}.Release|x86.ActiveCfg = Release|Any CPU
		{91C55091-A946-49B5-9517-8794EBCC5784}.Signed|Any CPU.ActiveCfg = Release|Any CPU
		{91C55091-A946-49B5-9517-8794EBCC5784}.Signed|Any CPU.Build.0 = Release|Any CPU
		{91C55091-A946-49B5-9517-8794EBCC5784}.Signed|x86.ActiveCfg = Release|Any CPU
	EndGlobalSection
	GlobalSection(SolutionProperties) = preSolution
		HideSolutionNode = FALSE
	EndGlobalSection
EndGlobal
